
Microsoft Visual Studio Solution File, Format Version 12.00
# Visual Studio 15
VisualStudioVersion = 15.0.27703.2026
MinimumVisualStudioVersion = 10.0.40219.1
Project("{FAE04EC0-301F-11D3-BF4B-00C04F79EFBC}") = "VaiBrasil.Android", "VaiBrasil\VaiBrasil.Android\VaiBrasil.Android.csproj", "{A10E5545-4EFF-48C3-A975-7BBC9AA3DDEB}"
EndProject
Project("{FAE04EC0-301F-11D3-BF4B-00C04F79EFBC}") = "VaiBrasil.iOS", "VaiBrasil\VaiBrasil.iOS\VaiBrasil.iOS.csproj", "{A1672FA3-245E-4DC2-A4BD-A7677FCCC702}"
EndProject
Project("{FAE04EC0-301F-11D3-BF4B-00C04F79EFBC}") = "VaiBrasil.UWP", "VaiBrasil\VaiBrasil.UWP\VaiBrasil.UWP.csproj", "{41E875B1-B971-47DF-8735-9D3E56D43159}"
EndProject
Project("{9A19103F-16F7-4668-BE54-9A1E7A4F7556}") = "VaiBrasil", "VaiBrasil\VaiBrasil\VaiBrasil.csproj", "{95AA1640-248D-4EA2-8FC7-3F268AE8B02C}"
EndProject
Global
	GlobalSection(SolutionConfigurationPlatforms) = preSolution
		Ad-Hoc|Any CPU = Ad-Hoc|Any CPU
		Ad-Hoc|ARM = Ad-Hoc|ARM
		Ad-Hoc|iPhone = Ad-Hoc|iPhone
		Ad-Hoc|iPhoneSimulator = Ad-Hoc|iPhoneSimulator
		Ad-Hoc|x64 = Ad-Hoc|x64
		Ad-Hoc|x86 = Ad-Hoc|x86
		AppStore|Any CPU = AppStore|Any CPU
		AppStore|ARM = AppStore|ARM
		AppStore|iPhone = AppStore|iPhone
		AppStore|iPhoneSimulator = AppStore|iPhoneSimulator
		AppStore|x64 = AppStore|x64
		AppStore|x86 = AppStore|x86
		Debug|Any CPU = Debug|Any CPU
		Debug|ARM = Debug|ARM
		Debug|iPhone = Debug|iPhone
		Debug|iPhoneSimulator = Debug|iPhoneSimulator
		Debug|x64 = Debug|x64
		Debug|x86 = Debug|x86
		Release|Any CPU = Release|Any CPU
		Release|ARM = Release|ARM
		Release|iPhone = Release|iPhone
		Release|iPhoneSimulator = Release|iPhoneSimulator
		Release|x64 = Release|x64
		Release|x86 = Release|x86
	EndGlobalSection
	GlobalSection(ProjectConfigurationPlatforms) = postSolution
		{A10E5545-4EFF-48C3-A975-7BBC9AA3DDEB}.Ad-Hoc|Any CPU.ActiveCfg = Release|Any CPU
		{A10E5545-4EFF-48C3-A975-7BBC9AA3DDEB}.Ad-Hoc|Any CPU.Build.0 = Release|Any CPU
		{A10E5545-4EFF-48C3-A975-7BBC9AA3DDEB}.Ad-Hoc|Any CPU.Deploy.0 = Release|Any CPU
		{A10E5545-4EFF-48C3-A975-7BBC9AA3DDEB}.Ad-Hoc|ARM.ActiveCfg = Release|Any CPU
		{A10E5545-4EFF-48C3-A975-7BBC9AA3DDEB}.Ad-Hoc|ARM.Build.0 = Release|Any CPU
		{A10E5545-4EFF-48C3-A975-7BBC9AA3DDEB}.Ad-Hoc|ARM.Deploy.0 = Release|Any CPU
		{A10E5545-4EFF-48C3-A975-7BBC9AA3DDEB}.Ad-Hoc|iPhone.ActiveCfg = Release|Any CPU
		{A10E5545-4EFF-48C3-A975-7BBC9AA3DDEB}.Ad-Hoc|iPhone.Build.0 = Release|Any CPU
		{A10E5545-4EFF-48C3-A975-7BBC9AA3DDEB}.Ad-Hoc|iPhone.Deploy.0 = Release|Any CPU
		{A10E5545-4EFF-48C3-A975-7BBC9AA3DDEB}.Ad-Hoc|iPhoneSimulator.ActiveCfg = Release|Any CPU
		{A10E5545-4EFF-48C3-A975-7BBC9AA3DDEB}.Ad-Hoc|iPhoneSimulator.Build.0 = Release|Any CPU
		{A10E5545-4EFF-48C3-A975-7BBC9AA3DDEB}.Ad-Hoc|iPhoneSimulator.Deploy.0 = Release|Any CPU
		{A10E5545-4EFF-48C3-A975-7BBC9AA3DDEB}.Ad-Hoc|x64.ActiveCfg = Release|Any CPU
		{A10E5545-4EFF-48C3-A975-7BBC9AA3DDEB}.Ad-Hoc|x64.Build.0 = Release|Any CPU
		{A10E5545-4EFF-48C3-A975-7BBC9AA3DDEB}.Ad-Hoc|x64.Deploy.0 = Release|Any CPU
		{A10E5545-4EFF-48C3-A975-7BBC9AA3DDEB}.Ad-Hoc|x86.ActiveCfg = Release|Any CPU
		{A10E5545-4EFF-48C3-A975-7BBC9AA3DDEB}.Ad-Hoc|x86.Build.0 = Release|Any CPU
		{A10E5545-4EFF-48C3-A975-7BBC9AA3DDEB}.Ad-Hoc|x86.Deploy.0 = Release|Any CPU
		{A10E5545-4EFF-48C3-A975-7BBC9AA3DDEB}.AppStore|Any CPU.ActiveCfg = Release|Any CPU
		{A10E5545-4EFF-48C3-A975-7BBC9AA3DDEB}.AppStore|Any CPU.Build.0 = Release|Any CPU
		{A10E5545-4EFF-48C3-A975-7BBC9AA3DDEB}.AppStore|Any CPU.Deploy.0 = Release|Any CPU
		{A10E5545-4EFF-48C3-A975-7BBC9AA3DDEB}.AppStore|ARM.ActiveCfg = Release|Any CPU
		{A10E5545-4EFF-48C3-A975-7BBC9AA3DDEB}.AppStore|ARM.Build.0 = Release|Any CPU
		{A10E5545-4EFF-48C3-A975-7BBC9AA3DDEB}.AppStore|ARM.Deploy.0 = Release|Any CPU
		{A10E5545-4EFF-48C3-A975-7BBC9AA3DDEB}.AppStore|iPhone.ActiveCfg = Release|Any CPU
		{A10E5545-4EFF-48C3-A975-7BBC9AA3DDEB}.AppStore|iPhone.Build.0 = Release|Any CPU
		{A10E5545-4EFF-48C3-A975-7BBC9AA3DDEB}.AppStore|iPhone.Deploy.0 = Release|Any CPU
		{A10E5545-4EFF-48C3-A975-7BBC9AA3DDEB}.AppStore|iPhoneSimulator.ActiveCfg = Release|Any CPU
		{A10E5545-4EFF-48C3-A975-7BBC9AA3DDEB}.AppStore|iPhoneSimulator.Build.0 = Release|Any CPU
		{A10E5545-4EFF-48C3-A975-7BBC9AA3DDEB}.AppStore|iPhoneSimulator.Deploy.0 = Release|Any CPU
		{A10E5545-4EFF-48C3-A975-7BBC9AA3DDEB}.AppStore|x64.ActiveCfg = Release|Any CPU
		{A10E5545-4EFF-48C3-A975-7BBC9AA3DDEB}.AppStore|x64.Build.0 = Release|Any CPU
		{A10E5545-4EFF-48C3-A975-7BBC9AA3DDEB}.AppStore|x64.Deploy.0 = Release|Any CPU
		{A10E5545-4EFF-48C3-A975-7BBC9AA3DDEB}.AppStore|x86.ActiveCfg = Release|Any CPU
		{A10E5545-4EFF-48C3-A975-7BBC9AA3DDEB}.AppStore|x86.Build.0 = Release|Any CPU
		{A10E5545-4EFF-48C3-A975-7BBC9AA3DDEB}.AppStore|x86.Deploy.0 = Release|Any CPU
		{A10E5545-4EFF-48C3-A975-7BBC9AA3DDEB}.Debug|Any CPU.ActiveCfg = Debug|Any CPU
		{A10E5545-4EFF-48C3-A975-7BBC9AA3DDEB}.Debug|Any CPU.Build.0 = Debug|Any CPU
		{A10E5545-4EFF-48C3-A975-7BBC9AA3DDEB}.Debug|Any CPU.Deploy.0 = Debug|Any CPU
		{A10E5545-4EFF-48C3-A975-7BBC9AA3DDEB}.Debug|ARM.ActiveCfg = Debug|Any CPU
		{A10E5545-4EFF-48C3-A975-7BBC9AA3DDEB}.Debug|ARM.Build.0 = Debug|Any CPU
		{A10E5545-4EFF-48C3-A975-7BBC9AA3DDEB}.Debug|ARM.Deploy.0 = Debug|Any CPU
		{A10E5545-4EFF-48C3-A975-7BBC9AA3DDEB}.Debug|iPhone.ActiveCfg = Debug|Any CPU
		{A10E5545-4EFF-48C3-A975-7BBC9AA3DDEB}.Debug|iPhone.Build.0 = Debug|Any CPU
		{A10E5545-4EFF-48C3-A975-7BBC9AA3DDEB}.Debug|iPhone.Deploy.0 = Debug|Any CPU
		{A10E5545-4EFF-48C3-A975-7BBC9AA3DDEB}.Debug|iPhoneSimulator.ActiveCfg = Debug|Any CPU
		{A10E5545-4EFF-48C3-A975-7BBC9AA3DDEB}.Debug|iPhoneSimulator.Build.0 = Debug|Any CPU
		{A10E5545-4EFF-48C3-A975-7BBC9AA3DDEB}.Debug|iPhoneSimulator.Deploy.0 = Debug|Any CPU
		{A10E5545-4EFF-48C3-A975-7BBC9AA3DDEB}.Debug|x64.ActiveCfg = Debug|Any CPU
		{A10E5545-4EFF-48C3-A975-7BBC9AA3DDEB}.Debug|x64.Build.0 = Debug|Any CPU
		{A10E5545-4EFF-48C3-A975-7BBC9AA3DDEB}.Debug|x64.Deploy.0 = Debug|Any CPU
		{A10E5545-4EFF-48C3-A975-7BBC9AA3DDEB}.Debug|x86.ActiveCfg = Debug|Any CPU
		{A10E5545-4EFF-48C3-A975-7BBC9AA3DDEB}.Debug|x86.Build.0 = Debug|Any CPU
		{A10E5545-4EFF-48C3-A975-7BBC9AA3DDEB}.Debug|x86.Deploy.0 = Debug|Any CPU
		{A10E5545-4EFF-48C3-A975-7BBC9AA3DDEB}.Release|Any CPU.ActiveCfg = Release|Any CPU
		{A10E5545-4EFF-48C3-A975-7BBC9AA3DDEB}.Release|Any CPU.Build.0 = Release|Any CPU
		{A10E5545-4EFF-48C3-A975-7BBC9AA3DDEB}.Release|Any CPU.Deploy.0 = Release|Any CPU
		{A10E5545-4EFF-48C3-A975-7BBC9AA3DDEB}.Release|ARM.ActiveCfg = Release|Any CPU
		{A10E5545-4EFF-48C3-A975-7BBC9AA3DDEB}.Release|ARM.Build.0 = Release|Any CPU
		{A10E5545-4EFF-48C3-A975-7BBC9AA3DDEB}.Release|ARM.Deploy.0 = Release|Any CPU
		{A10E5545-4EFF-48C3-A975-7BBC9AA3DDEB}.Release|iPhone.ActiveCfg = Release|Any CPU
		{A10E5545-4EFF-48C3-A975-7BBC9AA3DDEB}.Release|iPhone.Build.0 = Release|Any CPU
		{A10E5545-4EFF-48C3-A975-7BBC9AA3DDEB}.Release|iPhone.Deploy.0 = Release|Any CPU
		{A10E5545-4EFF-48C3-A975-7BBC9AA3DDEB}.Release|iPhoneSimulator.ActiveCfg = Release|Any CPU
		{A10E5545-4EFF-48C3-A975-7BBC9AA3DDEB}.Release|iPhoneSimulator.Build.0 = Release|Any CPU
		{A10E5545-4EFF-48C3-A975-7BBC9AA3DDEB}.Release|iPhoneSimulator.Deploy.0 = Release|Any CPU
		{A10E5545-4EFF-48C3-A975-7BBC9AA3DDEB}.Release|x64.ActiveCfg = Release|Any CPU
		{A10E5545-4EFF-48C3-A975-7BBC9AA3DDEB}.Release|x64.Build.0 = Release|Any CPU
		{A10E5545-4EFF-48C3-A975-7BBC9AA3DDEB}.Release|x64.Deploy.0 = Release|Any CPU
		{A10E5545-4EFF-48C3-A975-7BBC9AA3DDEB}.Release|x86.ActiveCfg = Release|Any CPU
		{A10E5545-4EFF-48C3-A975-7BBC9AA3DDEB}.Release|x86.Build.0 = Release|Any CPU
		{A10E5545-4EFF-48C3-A975-7BBC9AA3DDEB}.Release|x86.Deploy.0 = Release|Any CPU
		{A1672FA3-245E-4DC2-A4BD-A7677FCCC702}.Ad-Hoc|Any CPU.ActiveCfg = Ad-Hoc|iPhone
		{A1672FA3-245E-4DC2-A4BD-A7677FCCC702}.Ad-Hoc|Any CPU.Build.0 = Ad-Hoc|iPhone
		{A1672FA3-245E-4DC2-A4BD-A7677FCCC702}.Ad-Hoc|Any CPU.Deploy.0 = Ad-Hoc|iPhone
		{A1672FA3-245E-4DC2-A4BD-A7677FCCC702}.Ad-Hoc|ARM.ActiveCfg = Ad-Hoc|iPhone
		{A1672FA3-245E-4DC2-A4BD-A7677FCCC702}.Ad-Hoc|ARM.Build.0 = Ad-Hoc|iPhone
		{A1672FA3-245E-4DC2-A4BD-A7677FCCC702}.Ad-Hoc|ARM.Deploy.0 = Ad-Hoc|iPhone
		{A1672FA3-245E-4DC2-A4BD-A7677FCCC702}.Ad-Hoc|iPhone.ActiveCfg = Ad-Hoc|iPhone
		{A1672FA3-245E-4DC2-A4BD-A7677FCCC702}.Ad-Hoc|iPhone.Build.0 = Ad-Hoc|iPhone
		{A1672FA3-245E-4DC2-A4BD-A7677FCCC702}.Ad-Hoc|iPhone.Deploy.0 = Ad-Hoc|iPhone
		{A1672FA3-245E-4DC2-A4BD-A7677FCCC702}.Ad-Hoc|iPhoneSimulator.ActiveCfg = Ad-Hoc|iPhoneSimulator
		{A1672FA3-245E-4DC2-A4BD-A7677FCCC702}.Ad-Hoc|iPhoneSimulator.Build.0 = Ad-Hoc|iPhoneSimulator
		{A1672FA3-245E-4DC2-A4BD-A7677FCCC702}.Ad-Hoc|iPhoneSimulator.Deploy.0 = Ad-Hoc|iPhoneSimulator
		{A1672FA3-245E-4DC2-A4BD-A7677FCCC702}.Ad-Hoc|x64.ActiveCfg = Ad-Hoc|iPhone
		{A1672FA3-245E-4DC2-A4BD-A7677FCCC702}.Ad-Hoc|x64.Build.0 = Ad-Hoc|iPhone
		{A1672FA3-245E-4DC2-A4BD-A7677FCCC702}.Ad-Hoc|x64.Deploy.0 = Ad-Hoc|iPhone
		{A1672FA3-245E-4DC2-A4BD-A7677FCCC702}.Ad-Hoc|x86.ActiveCfg = Ad-Hoc|iPhone
		{A1672FA3-245E-4DC2-A4BD-A7677FCCC702}.Ad-Hoc|x86.Build.0 = Ad-Hoc|iPhone
		{A1672FA3-245E-4DC2-A4BD-A7677FCCC702}.Ad-Hoc|x86.Deploy.0 = Ad-Hoc|iPhone
		{A1672FA3-245E-4DC2-A4BD-A7677FCCC702}.AppStore|Any CPU.ActiveCfg = AppStore|iPhone
		{A1672FA3-245E-4DC2-A4BD-A7677FCCC702}.AppStore|Any CPU.Build.0 = AppStore|iPhone
		{A1672FA3-245E-4DC2-A4BD-A7677FCCC702}.AppStore|Any CPU.Deploy.0 = AppStore|iPhone
		{A1672FA3-245E-4DC2-A4BD-A7677FCCC702}.AppStore|ARM.ActiveCfg = AppStore|iPhone
		{A1672FA3-245E-4DC2-A4BD-A7677FCCC702}.AppStore|ARM.Build.0 = AppStore|iPhone
		{A1672FA3-245E-4DC2-A4BD-A7677FCCC702}.AppStore|ARM.Deploy.0 = AppStore|iPhone
		{A1672FA3-245E-4DC2-A4BD-A7677FCCC702}.AppStore|iPhone.ActiveCfg = AppStore|iPhone
		{A1672FA3-245E-4DC2-A4BD-A7677FCCC702}.AppStore|iPhone.Build.0 = AppStore|iPhone
		{A1672FA3-245E-4DC2-A4BD-A7677FCCC702}.AppStore|iPhone.Deploy.0 = AppStore|iPhone
		{A1672FA3-245E-4DC2-A4BD-A7677FCCC702}.AppStore|iPhoneSimulator.ActiveCfg = AppStore|iPhoneSimulator
		{A1672FA3-245E-4DC2-A4BD-A7677FCCC702}.AppStore|iPhoneSimulator.Build.0 = AppStore|iPhoneSimulator
		{A1672FA3-245E-4DC2-A4BD-A7677FCCC702}.AppStore|iPhoneSimulator.Deploy.0 = AppStore|iPhoneSimulator
		{A1672FA3-245E-4DC2-A4BD-A7677FCCC702}.AppStore|x64.ActiveCfg = AppStore|iPhone
		{A1672FA3-245E-4DC2-A4BD-A7677FCCC702}.AppStore|x64.Build.0 = AppStore|iPhone
		{A1672FA3-245E-4DC2-A4BD-A7677FCCC702}.AppStore|x64.Deploy.0 = AppStore|iPhone
		{A1672FA3-245E-4DC2-A4BD-A7677FCCC702}.AppStore|x86.ActiveCfg = AppStore|iPhone
		{A1672FA3-245E-4DC2-A4BD-A7677FCCC702}.AppStore|x86.Build.0 = AppStore|iPhone
		{A1672FA3-245E-4DC2-A4BD-A7677FCCC702}.AppStore|x86.Deploy.0 = AppStore|iPhone
		{A1672FA3-245E-4DC2-A4BD-A7677FCCC702}.Debug|Any CPU.ActiveCfg = Debug|iPhoneSimulator
		{A1672FA3-245E-4DC2-A4BD-A7677FCCC702}.Debug|Any CPU.Build.0 = Debug|iPhoneSimulator
		{A1672FA3-245E-4DC2-A4BD-A7677FCCC702}.Debug|Any CPU.Deploy.0 = Debug|iPhoneSimulator
		{A1672FA3-245E-4DC2-A4BD-A7677FCCC702}.Debug|ARM.ActiveCfg = Debug|iPhone
		{A1672FA3-245E-4DC2-A4BD-A7677FCCC702}.Debug|ARM.Build.0 = Debug|iPhone
		{A1672FA3-245E-4DC2-A4BD-A7677FCCC702}.Debug|ARM.Deploy.0 = Debug|iPhone
		{A1672FA3-245E-4DC2-A4BD-A7677FCCC702}.Debug|iPhone.ActiveCfg = Debug|iPhone
		{A1672FA3-245E-4DC2-A4BD-A7677FCCC702}.Debug|iPhone.Build.0 = Debug|iPhone
		{A1672FA3-245E-4DC2-A4BD-A7677FCCC702}.Debug|iPhone.Deploy.0 = Debug|iPhone
		{A1672FA3-245E-4DC2-A4BD-A7677FCCC702}.Debug|iPhoneSimulator.ActiveCfg = Debug|iPhoneSimulator
		{A1672FA3-245E-4DC2-A4BD-A7677FCCC702}.Debug|iPhoneSimulator.Build.0 = Debug|iPhoneSimulator
		{A1672FA3-245E-4DC2-A4BD-A7677FCCC702}.Debug|iPhoneSimulator.Deploy.0 = Debug|iPhoneSimulator
		{A1672FA3-245E-4DC2-A4BD-A7677FCCC702}.Debug|x64.ActiveCfg = Debug|iPhone
		{A1672FA3-245E-4DC2-A4BD-A7677FCCC702}.Debug|x64.Build.0 = Debug|iPhone
		{A1672FA3-245E-4DC2-A4BD-A7677FCCC702}.Debug|x64.Deploy.0 = Debug|iPhone
		{A1672FA3-245E-4DC2-A4BD-A7677FCCC702}.Debug|x86.ActiveCfg = Debug|iPhone
		{A1672FA3-245E-4DC2-A4BD-A7677FCCC702}.Debug|x86.Build.0 = Debug|iPhone
		{A1672FA3-245E-4DC2-A4BD-A7677FCCC702}.Debug|x86.Deploy.0 = Debug|iPhone
		{A1672FA3-245E-4DC2-A4BD-A7677FCCC702}.Release|Any CPU.ActiveCfg = Release|iPhone
		{A1672FA3-245E-4DC2-A4BD-A7677FCCC702}.Release|Any CPU.Build.0 = Release|iPhone
		{A1672FA3-245E-4DC2-A4BD-A7677FCCC702}.Release|Any CPU.Deploy.0 = Release|iPhone
		{A1672FA3-245E-4DC2-A4BD-A7677FCCC702}.Release|ARM.ActiveCfg = Release|iPhone
		{A1672FA3-245E-4DC2-A4BD-A7677FCCC702}.Release|ARM.Build.0 = Release|iPhone
		{A1672FA3-245E-4DC2-A4BD-A7677FCCC702}.Release|ARM.Deploy.0 = Release|iPhone
		{A1672FA3-245E-4DC2-A4BD-A7677FCCC702}.Release|iPhone.ActiveCfg = Release|iPhone
		{A1672FA3-245E-4DC2-A4BD-A7677FCCC702}.Release|iPhone.Build.0 = Release|iPhone
		{A1672FA3-245E-4DC2-A4BD-A7677FCCC702}.Release|iPhone.Deploy.0 = Release|iPhone
		{A1672FA3-245E-4DC2-A4BD-A7677FCCC702}.Release|iPhoneSimulator.ActiveCfg = Release|iPhoneSimulator
		{A1672FA3-245E-4DC2-A4BD-A7677FCCC702}.Release|iPhoneSimulator.Build.0 = Release|iPhoneSimulator
		{A1672FA3-245E-4DC2-A4BD-A7677FCCC702}.Release|iPhoneSimulator.Deploy.0 = Release|iPhoneSimulator
		{A1672FA3-245E-4DC2-A4BD-A7677FCCC702}.Release|x64.ActiveCfg = Release|iPhone
		{A1672FA3-245E-4DC2-A4BD-A7677FCCC702}.Release|x64.Build.0 = Release|iPhone
		{A1672FA3-245E-4DC2-A4BD-A7677FCCC702}.Release|x64.Deploy.0 = Release|iPhone
		{A1672FA3-245E-4DC2-A4BD-A7677FCCC702}.Release|x86.ActiveCfg = Release|iPhone
		{A1672FA3-245E-4DC2-A4BD-A7677FCCC702}.Release|x86.Build.0 = Release|iPhone
		{A1672FA3-245E-4DC2-A4BD-A7677FCCC702}.Release|x86.Deploy.0 = Release|iPhone
		{41E875B1-B971-47DF-8735-9D3E56D43159}.Ad-Hoc|Any CPU.ActiveCfg = Release|x86
		{41E875B1-B971-47DF-8735-9D3E56D43159}.Ad-Hoc|Any CPU.Build.0 = Release|x86
		{41E875B1-B971-47DF-8735-9D3E56D43159}.Ad-Hoc|Any CPU.Deploy.0 = Release|x86
		{41E875B1-B971-47DF-8735-9D3E56D43159}.Ad-Hoc|ARM.ActiveCfg = Release|ARM
		{41E875B1-B971-47DF-8735-9D3E56D43159}.Ad-Hoc|ARM.Build.0 = Release|ARM
		{41E875B1-B971-47DF-8735-9D3E56D43159}.Ad-Hoc|ARM.Deploy.0 = Release|ARM
		{41E875B1-B971-47DF-8735-9D3E56D43159}.Ad-Hoc|iPhone.ActiveCfg = Release|x86
		{41E875B1-B971-47DF-8735-9D3E56D43159}.Ad-Hoc|iPhone.Build.0 = Release|x86
		{41E875B1-B971-47DF-8735-9D3E56D43159}.Ad-Hoc|iPhone.Deploy.0 = Release|x86
		{41E875B1-B971-47DF-8735-9D3E56D43159}.Ad-Hoc|iPhoneSimulator.ActiveCfg = Release|x86
		{41E875B1-B971-47DF-8735-9D3E56D43159}.Ad-Hoc|iPhoneSimulator.Build.0 = Release|x86
		{41E875B1-B971-47DF-8735-9D3E56D43159}.Ad-Hoc|iPhoneSimulator.Deploy.0 = Release|x86
		{41E875B1-B971-47DF-8735-9D3E56D43159}.Ad-Hoc|x64.ActiveCfg = Release|x64
		{41E875B1-B971-47DF-8735-9D3E56D43159}.Ad-Hoc|x64.Build.0 = Release|x64
		{41E875B1-B971-47DF-8735-9D3E56D43159}.Ad-Hoc|x64.Deploy.0 = Release|x64
		{41E875B1-B971-47DF-8735-9D3E56D43159}.Ad-Hoc|x86.ActiveCfg = Release|x86
		{41E875B1-B971-47DF-8735-9D3E56D43159}.Ad-Hoc|x86.Build.0 = Release|x86
		{41E875B1-B971-47DF-8735-9D3E56D43159}.Ad-Hoc|x86.Deploy.0 = Release|x86
		{41E875B1-B971-47DF-8735-9D3E56D43159}.AppStore|Any CPU.ActiveCfg = Release|x86
		{41E875B1-B971-47DF-8735-9D3E56D43159}.AppStore|Any CPU.Build.0 = Release|x86
		{41E875B1-B971-47DF-8735-9D3E56D43159}.AppStore|Any CPU.Deploy.0 = Release|x86
		{41E875B1-B971-47DF-8735-9D3E56D43159}.AppStore|ARM.ActiveCfg = Release|ARM
		{41E875B1-B971-47DF-8735-9D3E56D43159}.AppStore|ARM.Build.0 = Release|ARM
		{41E875B1-B971-47DF-8735-9D3E56D43159}.AppStore|ARM.Deploy.0 = Release|ARM
		{41E875B1-B971-47DF-8735-9D3E56D43159}.AppStore|iPhone.ActiveCfg = Release|x86
		{41E875B1-B971-47DF-8735-9D3E56D43159}.AppStore|iPhone.Build.0 = Release|x86
		{41E875B1-B971-47DF-8735-9D3E56D43159}.AppStore|iPhone.Deploy.0 = Release|x86
		{41E875B1-B971-47DF-8735-9D3E56D43159}.AppStore|iPhoneSimulator.ActiveCfg = Release|x86
		{41E875B1-B971-47DF-8735-9D3E56D43159}.AppStore|iPhoneSimulator.Build.0 = Release|x86
		{41E875B1-B971-47DF-8735-9D3E56D43159}.AppStore|iPhoneSimulator.Deploy.0 = Release|x86
		{41E875B1-B971-47DF-8735-9D3E56D43159}.AppStore|x64.ActiveCfg = Release|x64
		{41E875B1-B971-47DF-8735-9D3E56D43159}.AppStore|x64.Build.0 = Release|x64
		{41E875B1-B971-47DF-8735-9D3E56D43159}.AppStore|x64.Deploy.0 = Release|x64
		{41E875B1-B971-47DF-8735-9D3E56D43159}.AppStore|x86.ActiveCfg = Release|x86
		{41E875B1-B971-47DF-8735-9D3E56D43159}.AppStore|x86.Build.0 = Release|x86
		{41E875B1-B971-47DF-8735-9D3E56D43159}.AppStore|x86.Deploy.0 = Release|x86
		{41E875B1-B971-47DF-8735-9D3E56D43159}.Debug|Any CPU.ActiveCfg = Debug|x64
		{41E875B1-B971-47DF-8735-9D3E56D43159}.Debug|Any CPU.Build.0 = Debug|x64
		{41E875B1-B971-47DF-8735-9D3E56D43159}.Debug|Any CPU.Deploy.0 = Debug|x64
		{41E875B1-B971-47DF-8735-9D3E56D43159}.Debug|ARM.ActiveCfg = Debug|ARM
		{41E875B1-B971-47DF-8735-9D3E56D43159}.Debug|ARM.Build.0 = Debug|ARM
		{41E875B1-B971-47DF-8735-9D3E56D43159}.Debug|ARM.Deploy.0 = Debug|ARM
		{41E875B1-B971-47DF-8735-9D3E56D43159}.Debug|iPhone.ActiveCfg = Debug|x86
		{41E875B1-B971-47DF-8735-9D3E56D43159}.Debug|iPhone.Build.0 = Debug|x86
		{41E875B1-B971-47DF-8735-9D3E56D43159}.Debug|iPhone.Deploy.0 = Debug|x86
		{41E875B1-B971-47DF-8735-9D3E56D43159}.Debug|iPhoneSimulator.ActiveCfg = Debug|x86
		{41E875B1-B971-47DF-8735-9D3E56D43159}.Debug|iPhoneSimulator.Build.0 = Debug|x86
		{41E875B1-B971-47DF-8735-9D3E56D43159}.Debug|iPhoneSimulator.Deploy.0 = Debug|x86
		{41E875B1-B971-47DF-8735-9D3E56D43159}.Debug|x64.ActiveCfg = Debug|x64
		{41E875B1-B971-47DF-8735-9D3E56D43159}.Debug|x64.Build.0 = Debug|x64
		{41E875B1-B971-47DF-8735-9D3E56D43159}.Debug|x64.Deploy.0 = Debug|x64
		{41E875B1-B971-47DF-8735-9D3E56D43159}.Debug|x86.ActiveCfg = Debug|x86
		{41E875B1-B971-47DF-8735-9D3E56D43159}.Debug|x86.Build.0 = Debug|x86
		{41E875B1-B971-47DF-8735-9D3E56D43159}.Debug|x86.Deploy.0 = Debug|x86
		{41E875B1-B971-47DF-8735-9D3E56D43159}.Release|Any CPU.ActiveCfg = Release|x86
		{41E875B1-B971-47DF-8735-9D3E56D43159}.Release|Any CPU.Build.0 = Release|x86
		{41E875B1-B971-47DF-8735-9D3E56D43159}.Release|Any CPU.Deploy.0 = Release|x86
		{41E875B1-B971-47DF-8735-9D3E56D43159}.Release|ARM.ActiveCfg = Release|ARM
		{41E875B1-B971-47DF-8735-9D3E56D43159}.Release|ARM.Build.0 = Release|ARM
		{41E875B1-B971-47DF-8735-9D3E56D43159}.Release|ARM.Deploy.0 = Release|ARM
		{41E875B1-B971-47DF-8735-9D3E56D43159}.Release|iPhone.ActiveCfg = Release|x86
		{41E875B1-B971-47DF-8735-9D3E56D43159}.Release|iPhone.Build.0 = Release|x86
		{41E875B1-B971-47DF-8735-9D3E56D43159}.Release|iPhone.Deploy.0 = Release|x86
		{41E875B1-B971-47DF-8735-9D3E56D43159}.Release|iPhoneSimulator.ActiveCfg = Release|x86
		{41E875B1-B971-47DF-8735-9D3E56D43159}.Release|iPhoneSimulator.Build.0 = Release|x86
		{41E875B1-B971-47DF-8735-9D3E56D43159}.Release|iPhoneSimulator.Deploy.0 = Release|x86
		{41E875B1-B971-47DF-8735-9D3E56D43159}.Release|x64.ActiveCfg = Release|x64
		{41E875B1-B971-47DF-8735-9D3E56D43159}.Release|x64.Build.0 = Release|x64
		{41E875B1-B971-47DF-8735-9D3E56D43159}.Release|x64.Deploy.0 = Release|x64
		{41E875B1-B971-47DF-8735-9D3E56D43159}.Release|x86.ActiveCfg = Release|x86
		{41E875B1-B971-47DF-8735-9D3E56D43159}.Release|x86.Build.0 = Release|x86
		{41E875B1-B971-47DF-8735-9D3E56D43159}.Release|x86.Deploy.0 = Release|x86
		{95AA1640-248D-4EA2-8FC7-3F268AE8B02C}.Ad-Hoc|Any CPU.ActiveCfg = Debug|Any CPU
		{95AA1640-248D-4EA2-8FC7-3F268AE8B02C}.Ad-Hoc|Any CPU.Build.0 = Debug|Any CPU
		{95AA1640-248D-4EA2-8FC7-3F268AE8B02C}.Ad-Hoc|Any CPU.Deploy.0 = Debug|Any CPU
		{95AA1640-248D-4EA2-8FC7-3F268AE8B02C}.Ad-Hoc|ARM.ActiveCfg = Debug|Any CPU
		{95AA1640-248D-4EA2-8FC7-3F268AE8B02C}.Ad-Hoc|ARM.Build.0 = Debug|Any CPU
		{95AA1640-248D-4EA2-8FC7-3F268AE8B02C}.Ad-Hoc|ARM.Deploy.0 = Debug|Any CPU
		{95AA1640-248D-4EA2-8FC7-3F268AE8B02C}.Ad-Hoc|iPhone.ActiveCfg = Debug|Any CPU
		{95AA1640-248D-4EA2-8FC7-3F268AE8B02C}.Ad-Hoc|iPhone.Build.0 = Debug|Any CPU
		{95AA1640-248D-4EA2-8FC7-3F268AE8B02C}.Ad-Hoc|iPhone.Deploy.0 = Debug|Any CPU
		{95AA1640-248D-4EA2-8FC7-3F268AE8B02C}.Ad-Hoc|iPhoneSimulator.ActiveCfg = Debug|Any CPU
		{95AA1640-248D-4EA2-8FC7-3F268AE8B02C}.Ad-Hoc|iPhoneSimulator.Build.0 = Debug|Any CPU
		{95AA1640-248D-4EA2-8FC7-3F268AE8B02C}.Ad-Hoc|iPhoneSimulator.Deploy.0 = Debug|Any CPU
		{95AA1640-248D-4EA2-8FC7-3F268AE8B02C}.Ad-Hoc|x64.ActiveCfg = Debug|Any CPU
		{95AA1640-248D-4EA2-8FC7-3F268AE8B02C}.Ad-Hoc|x64.Build.0 = Debug|Any CPU
		{95AA1640-248D-4EA2-8FC7-3F268AE8B02C}.Ad-Hoc|x64.Deploy.0 = Debug|Any CPU
		{95AA1640-248D-4EA2-8FC7-3F268AE8B02C}.Ad-Hoc|x86.ActiveCfg = Debug|Any CPU
		{95AA1640-248D-4EA2-8FC7-3F268AE8B02C}.Ad-Hoc|x86.Build.0 = Debug|Any CPU
		{95AA1640-248D-4EA2-8FC7-3F268AE8B02C}.Ad-Hoc|x86.Deploy.0 = Debug|Any CPU
		{95AA1640-248D-4EA2-8FC7-3F268AE8B02C}.AppStore|Any CPU.ActiveCfg = Debug|Any CPU
		{95AA1640-248D-4EA2-8FC7-3F268AE8B02C}.AppStore|Any CPU.Build.0 = Debug|Any CPU
		{95AA1640-248D-4EA2-8FC7-3F268AE8B02C}.AppStore|Any CPU.Deploy.0 = Debug|Any CPU
		{95AA1640-248D-4EA2-8FC7-3F268AE8B02C}.AppStore|ARM.ActiveCfg = Debug|Any CPU
		{95AA1640-248D-4EA2-8FC7-3F268AE8B02C}.AppStore|ARM.Build.0 = Debug|Any CPU
		{95AA1640-248D-4EA2-8FC7-3F268AE8B02C}.AppStore|ARM.Deploy.0 = Debug|Any CPU
		{95AA1640-248D-4EA2-8FC7-3F268AE8B02C}.AppStore|iPhone.ActiveCfg = Debug|Any CPU
		{95AA1640-248D-4EA2-8FC7-3F268AE8B02C}.AppStore|iPhone.Build.0 = Debug|Any CPU
		{95AA1640-248D-4EA2-8FC7-3F268AE8B02C}.AppStore|iPhone.Deploy.0 = Debug|Any CPU
		{95AA1640-248D-4EA2-8FC7-3F268AE8B02C}.AppStore|iPhoneSimulator.ActiveCfg = Debug|Any CPU
		{95AA1640-248D-4EA2-8FC7-3F268AE8B02C}.AppStore|iPhoneSimulator.Build.0 = Debug|Any CPU
		{95AA1640-248D-4EA2-8FC7-3F268AE8B02C}.AppStore|iPhoneSimulator.Deploy.0 = Debug|Any CPU
		{95AA1640-248D-4EA2-8FC7-3F268AE8B02C}.AppStore|x64.ActiveCfg = Debug|Any CPU
		{95AA1640-248D-4EA2-8FC7-3F268AE8B02C}.AppStore|x64.Build.0 = Debug|Any CPU
		{95AA1640-248D-4EA2-8FC7-3F268AE8B02C}.AppStore|x64.Deploy.0 = Debug|Any CPU
		{95AA1640-248D-4EA2-8FC7-3F268AE8B02C}.AppStore|x86.ActiveCfg = Debug|Any CPU
		{95AA1640-248D-4EA2-8FC7-3F268AE8B02C}.AppStore|x86.Build.0 = Debug|Any CPU
		{95AA1640-248D-4EA2-8FC7-3F268AE8B02C}.AppStore|x86.Deploy.0 = Debug|Any CPU
		{95AA1640-248D-4EA2-8FC7-3F268AE8B02C}.Debug|Any CPU.ActiveCfg = Debug|Any CPU
		{95AA1640-248D-4EA2-8FC7-3F268AE8B02C}.Debug|Any CPU.Build.0 = Debug|Any CPU
		{95AA1640-248D-4EA2-8FC7-3F268AE8B02C}.Debug|Any CPU.Deploy.0 = Debug|Any CPU
		{95AA1640-248D-4EA2-8FC7-3F268AE8B02C}.Debug|ARM.ActiveCfg = Debug|Any CPU
		{95AA1640-248D-4EA2-8FC7-3F268AE8B02C}.Debug|ARM.Build.0 = Debug|Any CPU
		{95AA1640-248D-4EA2-8FC7-3F268AE8B02C}.Debug|ARM.Deploy.0 = Debug|Any CPU
		{95AA1640-248D-4EA2-8FC7-3F268AE8B02C}.Debug|iPhone.ActiveCfg = Debug|Any CPU
		{95AA1640-248D-4EA2-8FC7-3F268AE8B02C}.Debug|iPhone.Build.0 = Debug|Any CPU
		{95AA1640-248D-4EA2-8FC7-3F268AE8B02C}.Debug|iPhone.Deploy.0 = Debug|Any CPU
		{95AA1640-248D-4EA2-8FC7-3F268AE8B02C}.Debug|iPhoneSimulator.ActiveCfg = Debug|Any CPU
		{95AA1640-248D-4EA2-8FC7-3F268AE8B02C}.Debug|iPhoneSimulator.Build.0 = Debug|Any CPU
		{95AA1640-248D-4EA2-8FC7-3F268AE8B02C}.Debug|iPhoneSimulator.Deploy.0 = Debug|Any CPU
		{95AA1640-248D-4EA2-8FC7-3F268AE8B02C}.Debug|x64.ActiveCfg = Debug|Any CPU
		{95AA1640-248D-4EA2-8FC7-3F268AE8B02C}.Debug|x64.Build.0 = Debug|Any CPU
		{95AA1640-248D-4EA2-8FC7-3F268AE8B02C}.Debug|x64.Deploy.0 = Debug|Any CPU
		{95AA1640-248D-4EA2-8FC7-3F268AE8B02C}.Debug|x86.ActiveCfg = Debug|Any CPU
		{95AA1640-248D-4EA2-8FC7-3F268AE8B02C}.Debug|x86.Build.0 = Debug|Any CPU
		{95AA1640-248D-4EA2-8FC7-3F268AE8B02C}.Debug|x86.Deploy.0 = Debug|Any CPU
		{95AA1640-248D-4EA2-8FC7-3F268AE8B02C}.Release|Any CPU.ActiveCfg = Release|Any CPU
		{95AA1640-248D-4EA2-8FC7-3F268AE8B02C}.Release|Any CPU.Build.0 = Release|Any CPU
		{95AA1640-248D-4EA2-8FC7-3F268AE8B02C}.Release|Any CPU.Deploy.0 = Release|Any CPU
		{95AA1640-248D-4EA2-8FC7-3F268AE8B02C}.Release|ARM.ActiveCfg = Release|Any CPU
		{95AA1640-248D-4EA2-8FC7-3F268AE8B02C}.Release|ARM.Build.0 = Release|Any CPU
		{95AA1640-248D-4EA2-8FC7-3F268AE8B02C}.Release|ARM.Deploy.0 = Release|Any CPU
		{95AA1640-248D-4EA2-8FC7-3F268AE8B02C}.Release|iPhone.ActiveCfg = Release|Any CPU
		{95AA1640-248D-4EA2-8FC7-3F268AE8B02C}.Release|iPhone.Build.0 = Release|Any CPU
		{95AA1640-248D-4EA2-8FC7-3F268AE8B02C}.Release|iPhone.Deploy.0 = Release|Any CPU
		{95AA1640-248D-4EA2-8FC7-3F268AE8B02C}.Release|iPhoneSimulator.ActiveCfg = Release|Any CPU
		{95AA1640-248D-4EA2-8FC7-3F268AE8B02C}.Release|iPhoneSimulator.Build.0 = Release|Any CPU
		{95AA1640-248D-4EA2-8FC7-3F268AE8B02C}.Release|iPhoneSimulator.Deploy.0 = Release|Any CPU
		{95AA1640-248D-4EA2-8FC7-3F268AE8B02C}.Release|x64.ActiveCfg = Release|Any CPU
		{95AA1640-248D-4EA2-8FC7-3F268AE8B02C}.Release|x64.Build.0 = Release|Any CPU
		{95AA1640-248D-4EA2-8FC7-3F268AE8B02C}.Release|x64.Deploy.0 = Release|Any CPU
		{95AA1640-248D-4EA2-8FC7-3F268AE8B02C}.Release|x86.ActiveCfg = Release|Any CPU
		{95AA1640-248D-4EA2-8FC7-3F268AE8B02C}.Release|x86.Build.0 = Release|Any CPU
		{95AA1640-248D-4EA2-8FC7-3F268AE8B02C}.Release|x86.Deploy.0 = Release|Any CPU
	EndGlobalSection
	GlobalSection(SolutionProperties) = preSolution
		HideSolutionNode = FALSE
	EndGlobalSection
	GlobalSection(ExtensibilityGlobals) = postSolution
		SolutionGuid = {7248DDE4-4BE5-4453-A058-D727508DA0E1}
	EndGlobalSection
EndGlobal
